[[package]]
name = "rustpy"
version = "0.1.0"
dependencies = [
 "rustpy_compiler 0.1.0",
 "rustpy_interpreter 0.1.0",
]

[[package]]
name = "rustpy_cli"
version = "0.1.0"
dependencies = [
 "rustpy 0.1.0",
]

[[package]]
name = "rustpy_compiler"
version = "0.1.0"
dependencies = [
 "unicode-normalization 0.1.7 (registry+https://github.com/rust-lang/crates.io-index)",
 "unicode-xid 0.1.0 (registry+https://github.com/rust-lang/crates.io-index)",
]

[[package]]
name = "rustpy_interpreter"
version = "0.1.0"

[[package]]
name = "unicode-normalization"
version = "0.1.7"
source = "registry+https://github.com/rust-lang/crates.io-index"

[[package]]
name = "unicode-xid"
version = "0.1.0"
source = "registry+https://github.com/rust-lang/crates.io-index"

[metadata]
"checksum unicode-normalization 0.1.7 (registry+https://github.com/rust-lang/crates.io-index)" = "6a0180bc61fc5a987082bfa111f4cc95c4caff7f9799f3e46df09163a937aa25"
"checksum unicode-xid 0.1.0 (registry+https://github.com/rust-lang/crates.io-index)" = "fc72304796d0818e357ead4e000d19c9c174ab23dc11093ac919054d20a6a7fc"
